
Microsoft Visual Studio Solution File, Format Version 12.00
# Visual Studio Version 17
VisualStudioVersion = 17.6.33829.357
MinimumVisualStudioVersion = 10.0.40219.1
Project("{FAE04EC0-301F-11D3-BF4B-00C04F79EFBC}") = "People.Web", "People.Web\People.Web.csproj", "{B2484D9D-15EC-475F-A235-8FB5B2C86DA6}"
EndProject
Project("{FAE04EC0-301F-11D3-BF4B-00C04F79EFBC}") = "People.Data", "People.Data\People.Data.csproj", "{3AA964E7-A57C-4E77-B53E-9F947ED43CCF}"
EndProject
Global
	GlobalSection(SolutionConfigurationPlatforms) = preSolution
		Debug|Any CPU = Debug|Any CPU
		Release|Any CPU = Release|Any CPU
	EndGlobalSection
	GlobalSection(ProjectConfigurationPlatforms) = postSolution
		{B2484D9D-15EC-475F-A235-8FB5B2C86DA6}.Debug|Any CPU.ActiveCfg = Debug|Any CPU
		{B2484D9D-15EC-475F-A235-8FB5B2C86DA6}.Debug|Any CPU.Build.0 = Debug|Any CPU
		{B2484D9D-15EC-475F-A235-8FB5B2C86DA6}.Release|Any CPU.ActiveCfg = Release|Any CPU
		{B2484D9D-15EC-475F-A235-8FB5B2C86DA6}.Release|Any CPU.Build.0 = Release|Any CPU
		{3AA964E7-A57C-4E77-B53E-9F947ED43CCF}.Debug|Any CPU.ActiveCfg = Debug|Any CPU
		{3AA964E7-A57C-4E77-B53E-9F947ED43CCF}.Debug|Any CPU.Build.0 = Debug|Any CPU
		{3AA964E7-A57C-4E77-B53E-9F947ED43CCF}.Release|Any CPU.ActiveCfg = Release|Any CPU
		{3AA964E7-A57C-4E77-B53E-9F947ED43CCF}.Release|Any CPU.Build.0 = Release|Any CPU
	EndGlobalSection
	GlobalSection(SolutionProperties) = preSolution
		HideSolutionNode = FALSE
	EndGlobalSection
	GlobalSection(ExtensibilityGlobals) = postSolution
		SolutionGuid = {4824137F-D664-4A9D-91F3-8C15EE7C6BA9}
	EndGlobalSection
EndGlobal
